
Microsoft Visual Studio Solution File, Format Version 11.00
# Visual Basic Express 2010
Project("{F184B08F-C81C-45F6-A57F-5ABD9991F28F}") = "VB2010_WinApp_1_20121028", "VB2010_WinApp_1_20121028\VB2010_WinApp_1_20121028.vbproj", "{17459D08-02A3-4735-ADED-6FEE9606E242}"
EndProject
Global
	GlobalSection(SolutionConfigurationPlatforms) = preSolution
		Debug|x86 = Debug|x86
		Release|x86 = Release|x86
	EndGlobalSection
	GlobalSection(ProjectConfigurationPlatforms) = postSolution
		{17459D08-02A3-4735-ADED-6FEE9606E242}.Debug|x86.ActiveCfg = Debug|x86
		{17459D08-02A3-4735-ADED-6FEE9606E242}.Debug|x86.Build.0 = Debug|x86
		{17459D08-02A3-4735-ADED-6FEE9606E242}.Release|x86.ActiveCfg = Release|x86
		{17459D08-02A3-4735-ADED-6FEE9606E242}.Release|x86.Build.0 = Release|x86
	EndGlobalSection
	GlobalSection(SolutionProperties) = preSolution
		HideSolutionNode = FALSE
	EndGlobalSection
EndGlobal
